// !$*UTF8*$!
{
	archiveVersion = 1;
	classes = {
	};
	objectVersion = 46;
	objects = {

/* Begin PBXBuildFile section */
		6824A1191E1875C1009000AD /* AppDelegate.swift in Sources */ = {isa = PBXBuildFile; fileRef = 6824A1181E1875C1009000AD /* AppDelegate.swift */; };
		6824A11B1E1875C1009000AD /* ViewController.swift in Sources */ = {isa = PBXBuildFile; fileRef = 6824A11A1E1875C1009000AD /* ViewController.swift */; };
		6824A11E1E1875C1009000AD /* Main.storyboard in Resources */ = {isa = PBXBuildFile; fileRef = 6824A11C1E1875C1009000AD /* Main.storyboard */; };
		6824A1201E1875C1009000AD /* Assets.xcassets in Resources */ = {isa = PBXBuildFile; fileRef = 6824A11F1E1875C1009000AD /* Assets.xcassets */; };
		6824A1231E1875C1009000AD /* LaunchScreen.storyboard in Resources */ = {isa = PBXBuildFile; fileRef = 6824A1211E1875C1009000AD /* LaunchScreen.storyboard */; };
		6824A12E1E1875C2009000AD /* pokedexTests.swift in Sources */ = {isa = PBXBuildFile; fileRef = 6824A12D1E1875C2009000AD /* pokedexTests.swift */; };
		6824A1391E1875C2009000AD /* pokedexUITests.swift in Sources */ = {isa = PBXBuildFile; fileRef = 6824A1381E1875C2009000AD /* pokedexUITests.swift */; };
/* End PBXBuildFile section */

/* Begin PBXContainerItemProxy section */
		6824A12A1E1875C1009000AD /* PBXContainerItemProxy */ = {
			isa = PBXContainerItemProxy;
			containerPortal = 6824A10D1E1875C1009000AD /* Project object */;
			proxyType = 1;
			remoteGlobalIDString = 6824A1141E1875C1009000AD;
			remoteInfo = pokedex;
		};
		6824A1351E1875C2009000AD /* PBXContainerItemProxy */ = {
			isa = PBXContainerItemProxy;
			containerPortal = 6824A10D1E1875C1009000AD /* Project object */;
			proxyType = 1;
			remoteGlobalIDString = 6824A1141E1875C1009000AD;
			remoteInfo = pokedex;
		};
/* End PBXContainerItemProxy section */

/* Begin PBXFileReference section */
		6824A1151E1875C1009000AD /* pokedex.app */ = {isa = PBXFileReference; explicitFileType = wrapper.application; includeInIndex = 0; path = pokedex.app; sourceTree = BUILT_PRODUCTS_DIR; };
		6824A1181E1875C1009000AD /* AppDelegate.swift */ = {isa = PBXFileReference; lastKnownFileType = sourcecode.swift; path = AppDelegate.swift; sourceTree = "<group>"; };
		6824A11A1E1875C1009000AD /* ViewController.swift */ = {isa = PBXFileReference; lastKnownFileType = sourcecode.swift; path = ViewController.swift; sourceTree = "<group>"; };
		6824A11D1E1875C1009000AD /* Base */ = {isa = PBXFileReference; lastKnownFileType = file.storyboard; name = Base; path = Base.lproj/Main.storyboard; sourceTree = "<group>"; };
		6824A11F1E1875C1009000AD /* Assets.xcassets */ = {isa = PBXFileReference; lastKnownFileType = folder.assetcatalog; path = Assets.xcassets; sourceTree = "<group>"; };
		6824A1221E1875C1009000AD /* Base */ = {isa = PBXFileReference; lastKnownFileType = file.storyboard; name = Base; path = Base.lproj/LaunchScreen.storyboard; sourceTree = "<group>"; };
		6824A1241E1875C1009000AD /* Info.plist */ = {isa = PBXFileReference; lastKnownFileType = text.plist.xml; path = Info.plist; sourceTree = "<group>"; };
		6824A1291E1875C1009000AD /* pokedexTests.xctest */ = {isa = PBXFileReference; explicitFileType = wrapper.cfbundle; includeInIndex = 0; path = pokedexTests.xctest; sourceTree = BUILT_PRODUCTS_DIR; };
		6824A12D1E1875C2009000AD /* pokedexTests.swift */ = {isa = PBXFileReference; lastKnownFileType = sourcecode.swift; path = pokedexTests.swift; sourceTree = "<group>"; };
		6824A12F1E1875C2009000AD /* Info.plist */ = {isa = PBXFileReference; lastKnownFileType = text.plist.xml; path = Info.plist; sourceTree = "<group>"; };
		6824A1341E1875C2009000AD /* pokedexUITests.xctest */ = {isa = PBXFileReference; explicitFileType = wrapper.cfbundle; includeInIndex = 0; path = pokedexUITests.xctest; sourceTree = BUILT_PRODUCTS_DIR; };
		6824A1381E1875C2009000AD /* pokedexUITests.swift */ = {isa = PBXFileReference; lastKnownFileType = sourcecode.swift; path = pokedexUITests.swift; sourceTree = "<group>"; };
		6824A13A1E1875C2009000AD /* Info.plist */ = {isa = PBXFileReference; lastKnownFileType = text.plist.xml; path = Info.plist; sourceTree = "<group>"; };
/* End PBXFileReference section */

/* Begin PBXFrameworksBuildPhase section */
		6824A1121E1875C1009000AD /* Frameworks */ = {
			isa = PBXFrameworksBuildPhase;
			buildActionMask = 2147483647;
			files = (
			);
			runOnlyForDeploymentPostprocessing = 0;
		};
		6824A1261E1875C1009000AD /* Frameworks */ = {
			isa = PBXFrameworksBuildPhase;
			buildActionMask = 2147483647;
			files = (
			);
			runOnlyForDeploymentPostprocessing = 0;
		};
		6824A1311E1875C2009000AD /* Frameworks */ = {
			isa = PBXFrameworksBuildPhase;
			buildActionMask = 2147483647;
			files = (
			);
			runOnlyForDeploymentPostprocessing = 0;
		};
/* End PBXFrameworksBuildPhase section */

/* Begin PBXGroup section */
		6824A10C1E1875C1009000AD = {
			isa = PBXGroup;
			children = (
				6824A1171E1875C1009000AD /* pokedex */,
				6824A12C1E1875C2009000AD /* pokedexTests */,
				6824A1371E1875C2009000AD /* pokedexUITests */,
				6824A1161E1875C1009000AD /* Products */,
			);
			sourceTree = "<group>";
		};
		6824A1161E1875C1009000AD /* Products */ = {
			isa = PBXGroup;
			children = (
				6824A1151E1875C1009000AD /* pokedex.app */,
				6824A1291E1875C1009000AD /* pokedexTests.xctest */,
				6824A1341E1875C2009000AD /* pokedexUITests.xctest */,
			);
			name = Products;
			sourceTree = "<group>";
		};
		6824A1171E1875C1009000AD /* pokedex */ = {
			isa = PBXGroup;
			children = (
				6824A1181E1875C1009000AD /* AppDelegate.swift */,
				6824A11A1E1875C1009000AD /* ViewController.swift */,
				6824A11C1E1875C1009000AD /* Main.storyboard */,
				6824A11F1E1875C1009000AD /* Assets.xcassets */,
				6824A1211E1875C1009000AD /* LaunchScreen.storyboard */,
				6824A1241E1875C1009000AD /* Info.plist */,
			);
			path = pokedex;
			sourceTree = "<group>";
		};
		6824A12C1E1875C2009000AD /* pokedexTests */ = {
			isa = PBXGroup;
			children = (
				6824A12D1E1875C2009000AD /* pokedexTests.swift */,
				6824A12F1E1875C2009000AD /* Info.plist */,
			);
			path = pokedexTests;
			sourceTree = "<group>";
		};
		6824A1371E1875C2009000AD /* pokedexUITests */ = {
			isa = PBXGroup;
			children = (
				6824A1381E1875C2009000AD /* pokedexUITests.swift */,
				6824A13A1E1875C2009000AD /* Info.plist */,
			);
			path = pokedexUITests;
			sourceTree = "<group>";
		};
/* End PBXGroup section */

/* Begin PBXNativeTarget section */
		6824A1141E1875C1009000AD /* pokedex */ = {
			isa = PBXNativeTarget;
			buildConfigurationList = 6824A13D1E1875C2009000AD /* Build configuration list for PBXNativeTarget "pokedex" */;
			buildPhases = (
				6824A1111E1875C1009000AD /* Sources */,
				6824A1121E1875C1009000AD /* Frameworks */,
				6824A1131E1875C1009000AD /* Resources */,
			);
			buildRules = (
			);
			dependencies = (
			);
			name = pokedex;
			productName = pokedex;
			productReference = 6824A1151E1875C1009000AD /* pokedex.app */;
			productType = "com.apple.product-type.application";
		};
		6824A1281E1875C1009000AD /* pokedexTests */ = {
			isa = PBXNativeTarget;
			buildConfigurationList = 6824A1401E1875C2009000AD /* Build configuration list for PBXNativeTarget "pokedexTests" */;
			buildPhases = (
				6824A1251E1875C1009000AD /* Sources */,
				6824A1261E1875C1009000AD /* Frameworks */,
				6824A1271E1875C1009000AD /* Resources */,
			);
			buildRules = (
			);
			dependencies = (
				6824A12B1E1875C1009000AD /* PBXTargetDependency */,
			);
			name = pokedexTests;
			productName = pokedexTests;
			productReference = 6824A1291E1875C1009000AD /* pokedexTests.xctest */;
			productType = "com.apple.product-type.bundle.unit-test";
		};
		6824A1331E1875C2009000AD /* pokedexUITests */ = {
			isa = PBXNativeTarget;
			buildConfigurationList = 6824A1431E1875C2009000AD /* Build configuration list for PBXNativeTarget "pokedexUITests" */;
			buildPhases = (
				6824A1301E1875C2009000AD /* Sources */,
				6824A1311E1875C2009000AD /* Frameworks */,
				6824A1321E1875C2009000AD /* Resources */,
			);
			buildRules = (
			);
			dependencies = (
				6824A1361E1875C2009000AD /* PBXTargetDependency */,
			);
			name = pokedexUITests;
			productName = pokedexUITests;
			productReference = 6824A1341E1875C2009000AD /* pokedexUITests.xctest */;
			productType = "com.apple.product-type.bundle.ui-testing";
		};
/* End PBXNativeTarget section */

/* Begin PBXProject section */
		6824A10D1E1875C1009000AD /* Project object */ = {
			isa = PBXProject;
			attributes = {
				LastSwiftUpdateCheck = 0820;
				LastUpgradeCheck = 0820;
				ORGANIZATIONNAME = Frontflip;
				TargetAttributes = {
					6824A1141E1875C1009000AD = {
						CreatedOnToolsVersion = 8.2;
						ProvisioningStyle = Automatic;
					};
					6824A1281E1875C1009000AD = {
						CreatedOnToolsVersion = 8.2;
						ProvisioningStyle = Automatic;
						TestTargetID = 6824A1141E1875C1009000AD;
					};
					6824A1331E1875C2009000AD = {
						CreatedOnToolsVersion = 8.2;
						ProvisioningStyle = Automatic;
						TestTargetID = 6824A1141E1875C1009000AD;
					};
				};
			};
			buildConfigurationList = 6824A1101E1875C1009000AD /* Build configuration list for PBXProject "pokedex" */;
			compatibilityVersion = "Xcode 3.2";
			developmentRegion = English;
			hasScannedForEncodings = 0;
			knownRegions = (
				en,
				Base,
			);
			mainGroup = 6824A10C1E1875C1009000AD;
			productRefGroup = 6824A1161E1875C1009000AD /* Products */;
			projectDirPath = "";
			projectRoot = "";
			targets = (
				6824A1141E1875C1009000AD /* pokedex */,
				6824A1281E1875C1009000AD /* pokedexTests */,
				6824A1331E1875C2009000AD /* pokedexUITests */,
			);
		};
/* End PBXProject section */

/* Begin PBXResourcesBuildPhase section */
		6824A1131E1875C1009000AD /* Resources */ = {
			isa = PBXResourcesBuildPhase;
			buildActionMask = 2147483647;
			files = (
				6824A1231E1875C1009000AD /* LaunchScreen.storyboard in Resources */,
				6824A1201E1875C1009000AD /* Assets.xcassets in Resources */,
				6824A11E1E1875C1009000AD /* Main.storyboard in Resources */,
			);
			runOnlyForDeploymentPostprocessing = 0;
		};
		6824A1271E1875C1009000AD /* Resources */ = {
			isa = PBXResourcesBuildPhase;
			buildActionMask = 2147483647;
			files = (
			);
			runOnlyForDeploymentPostprocessing = 0;
		};
		6824A1321E1875C2009000AD /* Resources */ = {
			isa = PBXResourcesBuildPhase;
			buildActionMask = 2147483647;
			files = (
			);
			runOnlyForDeploymentPostprocessing = 0;
		};
/* End PBXResourcesBuildPhase section */

/* Begin PBXSourcesBuildPhase section */
		6824A1111E1875C1009000AD /* Sources */ = {
			isa = PBXSourcesBuildPhase;
			buildActionMask = 2147483647;
			files = (
				6824A11B1E1875C1009000AD /* ViewController.swift in Sources */,
				6824A1191E1875C1009000AD /* AppDelegate.swift in Sources */,
			);
			runOnlyForDeploymentPostprocessing = 0;
		};
		6824A1251E1875C1009000AD /* Sources */ = {
			isa = PBXSourcesBuildPhase;
			buildActionMask = 2147483647;
			files = (
				6824A12E1E1875C2009000AD /* pokedexTests.swift in Sources */,
			);
			runOnlyForDeploymentPostprocessing = 0;
		};
		6824A1301E1875C2009000AD /* Sources */ = {
			isa = PBXSourcesBuildPhase;
			buildActionMask = 2147483647;
			files = (
				6824A1391E1875C2009000AD /* pokedexUITests.swift in Sources */,
			);
			runOnlyForDeploymentPostprocessing = 0;
		};
/* End PBXSourcesBuildPhase section */

/* Begin PBXTargetDependency section */
		6824A12B1E1875C1009000AD /* PBXTargetDependency */ = {
			isa = PBXTargetDependency;
			target = 6824A1141E1875C1009000AD /* pokedex */;
			targetProxy = 6824A12A1E1875C1009000AD /* PBXContainerItemProxy */;
		};
		6824A1361E1875C2009000AD /* PBXTargetDependency */ = {
			isa = PBXTargetDependency;
			target = 6824A1141E1875C1009000AD /* pokedex */;
			targetProxy = 6824A1351E1875C2009000AD /* PBXContainerItemProxy */;
		};
/* End PBXTargetDependency section */

/* Begin PBXVariantGroup section */
		6824A11C1E1875C1009000AD /* Main.storyboard */ = {
			isa = PBXVariantGroup;
			children = (
				6824A11D1E1875C1009000AD /* Base */,
			);
			name = Main.storyboard;
			sourceTree = "<group>";
		};
		6824A1211E1875C1009000AD /* LaunchScreen.storyboard */ = {
			isa = PBXVariantGroup;
			children = (
				6824A1221E1875C1009000AD /* Base */,
			);
			name = LaunchScreen.storyboard;
			sourceTree = "<group>";
		};
/* End PBXVariantGroup section */

/* Begin XCBuildConfiguration section */
		6824A13B1E1875C2009000AD /* Debug */ = {
			isa = XCBuildConfiguration;
			buildSettings = {
				ALWAYS_SEARCH_USER_PATHS = NO;
				CLANG_ANALYZER_NONNULL = YES;
				CLANG_CXX_LANGUAGE_STANDARD = "gnu++0x";
				CLANG_CXX_LIBRARY = "libc++";
				CLANG_ENABLE_MODULES = YES;
				CLANG_ENABLE_OBJC_ARC = YES;
				CLANG_WARN_BOOL_CONVERSION = YES;
				CLANG_WARN_CONSTANT_CONVERSION = YES;
				CLANG_WARN_DIRECT_OBJC_ISA_USAGE = YES_ERROR;
				CLANG_WARN_DOCUMENTATION_COMMENTS = YES;
				CLANG_WARN_EMPTY_BODY = YES;
				CLANG_WARN_ENUM_CONVERSION = YES;
				CLANG_WARN_INFINITE_RECURSION = YES;
				CLANG_WARN_INT_CONVERSION = YES;
				CLANG_WARN_OBJC_ROOT_CLASS = YES_ERROR;
				CLANG_WARN_SUSPICIOUS_MOVE = YES;
				CLANG_WARN_UNREACHABLE_CODE = YES;
				CLANG_WARN__DUPLICATE_METHOD_MATCH = YES;
				"CODE_SIGN_IDENTITY[sdk=iphoneos*]" = "iPhone Developer";
				COPY_PHASE_STRIP = NO;
				DEBUG_INFORMATION_FORMAT = dwarf;
				ENABLE_STRICT_OBJC_MSGSEND = YES;
				ENABLE_TESTABILITY = YES;
				GCC_C_LANGUAGE_STANDARD = gnu99;
				GCC_DYNAMIC_NO_PIC = NO;
				GCC_NO_COMMON_BLOCKS = YES;
				GCC_OPTIMIZATION_LEVEL = 0;
				GCC_PREPROCESSOR_DEFINITIONS = (
					"DEBUG=1",
					"$(inherited)",
				);
				GCC_WARN_64_TO_32_BIT_CONVERSION = YES;
				GCC_WARN_ABOUT_RETURN_TYPE = YES_ERROR;
				GCC_WARN_UNDECLARED_SELECTOR = YES;
				GCC_WARN_UNINITIALIZED_AUTOS = YES_AGGRESSIVE;
				GCC_WARN_UNUSED_FUNCTION = YES;
				GCC_WARN_UNUSED_VARIABLE = YES;
				IPHONEOS_DEPLOYMENT_TARGET = 10.2;
				MTL_ENABLE_DEBUG_INFO = YES;
				ONLY_ACTIVE_ARCH = YES;
				SDKROOT = iphoneos;
				SWIFT_ACTIVE_COMPILATION_CONDITIONS = DEBUG;
				SWIFT_OPTIMIZATION_LEVEL = "-Onone";
			};
			name = Debug;
		};
		6824A13C1E1875C2009000AD /* Release */ = {
			isa = XCBuildConfiguration;
			buildSettings = {
				ALWAYS_SEARCH_USER_PATHS = NO;
				CLANG_ANALYZER_NONNULL = YES;
				CLANG_CXX_LANGUAGE_STANDARD = "gnu++0x";
				CLANG_CXX_LIBRARY = "libc++";
				CLANG_ENABLE_MODULES = YES;
				CLANG_ENABLE_OBJC_ARC = YES;
				CLANG_WARN_BOOL_CONVERSION = YES;
				CLANG_WARN_CONSTANT_CONVERSION = YES;
				CLANG_WARN_DIRECT_OBJC_ISA_USAGE = YES_ERROR;
				CLANG_WARN_DOCUMENTATION_COMMENTS = YES;
				CLANG_WARN_EMPTY_BODY = YES;
				CLANG_WARN_ENUM_CONVERSION = YES;
				CLANG_WARN_INFINITE_RECURSION = YES;
				CLANG_WARN_INT_CONVERSION = YES;
				CLANG_WARN_OBJC_ROOT_CLASS = YES_ERROR;
				CLANG_WARN_SUSPICIOUS_MOVE = YES;
				CLANG_WARN_UNREACHABLE_CODE = YES;
				CLANG_WARN__DUPLICATE_METHOD_MATCH = YES;
				"CODE_SIGN_IDENTITY[sdk=iphoneos*]" = "iPhone Developer";
				COPY_PHASE_STRIP = NO;
				DEBUG_INFORMATION_FORMAT = "dwarf-with-dsym";
				ENABLE_NS_ASSERTIONS = NO;
				ENABLE_STRICT_OBJC_MSGSEND = YES;
				GCC_C_LANGUAGE_STANDARD = gnu99;
				GCC_NO_COMMON_BLOCKS = YES;
				GCC_WARN_64_TO_32_BIT_CONVERSION = YES;
				GCC_WARN_ABOUT_RETURN_TYPE = YES_ERROR;
				GCC_WARN_UNDECLARED_SELECTOR = YES;
				GCC_WARN_UNINITIALIZED_AUTOS = YES_AGGRESSIVE;
				GCC_WARN_UNUSED_FUNCTION = YES;
				GCC_WARN_UNUSED_VARIABLE = YES;
				IPHONEOS_DEPLOYMENT_TARGET = 10.2;
				MTL_ENABLE_DEBUG_INFO = NO;
				SDKROOT = iphoneos;
				SWIFT_OPTIMIZATION_LEVEL = "-Owholemodule";
				VALIDATE_PRODUCT = YES;
			};
			name = Release;
		};
		6824A13E1E1875C2009000AD /* Debug */ = {
			isa = XCBuildConfiguration;
			buildSettings = {
				ASSETCATALOG_COMPILER_APPICON_NAME = AppIcon;
				INFOPLIST_FILE = pokedex/Info.plist;
				LD_RUNPATH_SEARCH_PATHS = "$(inherited) @executable_path/Frameworks";
				PRODUCT_BUNDLE_IDENTIFIER = frontflip.pokedex;
				PRODUCT_NAME = "$(TARGET_NAME)";
				SWIFT_VERSION = 3.0;
			};
			name = Debug;
		};
		6824A13F1E1875C2009000AD /* Release */ = {
			isa = XCBuildConfiguration;
			buildSettings = {
				ASSETCATALOG_COMPILER_APPICON_NAME = AppIcon;
				INFOPLIST_FILE = pokedex/Info.plist;
				LD_RUNPATH_SEARCH_PATHS = "$(inherited) @executable_path/Frameworks";
				PRODUCT_BUNDLE_IDENTIFIER = frontflip.pokedex;
				PRODUCT_NAME = "$(TARGET_NAME)";
				SWIFT_VERSION = 3.0;
			};
			name = Release;
		};
		6824A1411E1875C2009000AD /* Debug */ = {
			isa = XCBuildConfiguration;
			buildSettings = {
				ALWAYS_EMBED_SWIFT_STANDARD_LIBRARIES = YES;
				BUNDLE_LOADER = "$(TEST_HOST)";
				INFOPLIST_FILE = pokedexTests/Info.plist;
				LD_RUNPATH_SEARCH_PATHS = "$(inherited) @executable_path/Frameworks @loader_path/Frameworks";
				PRODUCT_BUNDLE_IDENTIFIER = frontflip.pokedexTests;
				PRODUCT_NAME = "$(TARGET_NAME)";
				SWIFT_VERSION = 3.0;
				TEST_HOST = "$(BUILT_PRODUCTS_DIR)/pokedex.app/pokedex";
			};
			name = Debug;
		};
		6824A1421E1875C2009000AD /* Release */ = {
			isa = XCBuildConfiguration;
			buildSettings = {
				ALWAYS_EMBED_SWIFT_STANDARD_LIBRARIES = YES;
				BUNDLE_LOADER = "$(TEST_HOST)";
				INFOPLIST_FILE = pokedexTests/Info.plist;
				LD_RUNPATH_SEARCH_PATHS = "$(inherited) @executable_path/Frameworks @loader_path/Frameworks";
				PRODUCT_BUNDLE_IDENTIFIER = frontflip.pokedexTests;
				PRODUCT_NAME = "$(TARGET_NAME)";
				SWIFT_VERSION = 3.0;
				TEST_HOST = "$(BUILT_PRODUCTS_DIR)/pokedex.app/pokedex";
			};
			name = Release;
		};
		6824A1441E1875C2009000AD /* Debug */ = {
			isa = XCBuildConfiguration;
			buildSettings = {
				ALWAYS_EMBED_SWIFT_STANDARD_LIBRARIES = YES;
				INFOPLIST_FILE = pokedexUITests/Info.plist;
				LD_RUNPATH_SEARCH_PATHS = "$(inherited) @executable_path/Frameworks @loader_path/Frameworks";
				PRODUCT_BUNDLE_IDENTIFIER = frontflip.pokedexUITests;
				PRODUCT_NAME = "$(TARGET_NAME)";
				SWIFT_VERSION = 3.0;
				TEST_TARGET_NAME = pokedex;
			};
			name = Debug;
		};
		6824A1451E1875C2009000AD /* Release */ = {
			isa = XCBuildConfiguration;
			buildSettings = {
				ALWAYS_EMBED_SWIFT_STANDARD_LIBRARIES = YES;
				INFOPLIST_FILE = pokedexUITests/Info.plist;
				LD_RUNPATH_SEARCH_PATHS = "$(inherited) @executable_path/Frameworks @loader_path/Frameworks";
				PRODUCT_BUNDLE_IDENTIFIER = frontflip.pokedexUITests;
				PRODUCT_NAME = "$(TARGET_NAME)";
				SWIFT_VERSION = 3.0;
				TEST_TARGET_NAME = pokedex;
			};
			name = Release;
		};
/* End XCBuildConfiguration section */

/* Begin XCConfigurationList section */
		6824A1101E1875C1009000AD /* Build configuration list for PBXProject "pokedex" */ = {
			isa = XCConfigurationList;
			buildConfigurations = (
				6824A13B1E1875C2009000AD /* Debug */,
				6824A13C1E1875C2009000AD /* Release */,
			);
			defaultConfigurationIsVisible = 0;
			defaultConfigurationName = Release;
		};
		6824A13D1E1875C2009000AD /* Build configuration list for PBXNativeTarget "pokedex" */ = {
			isa = XCConfigurationList;
			buildConfigurations = (
				6824A13E1E1875C2009000AD /* Debug */,
				6824A13F1E1875C2009000AD /* Release */,
			);
			defaultConfigurationIsVisible = 0;
		};
		6824A1401E1875C2009000AD /* Build configuration list for PBXNativeTarget "pokedexTests" */ = {
			isa = XCConfigurationList;
			buildConfigurations = (
				6824A1411E1875C2009000AD /* Debug */,
				6824A1421E1875C2009000AD /* Release */,
			);
			defaultConfigurationIsVisible = 0;
		};
		6824A1431E1875C2009000AD /* Build configuration list for PBXNativeTarget "pokedexUITests" */ = {
			isa = XCConfigurationList;
			buildConfigurations = (
				6824A1441E1875C2009000AD /* Debug */,
				6824A1451E1875C2009000AD /* Release */,
			);
			defaultConfigurationIsVisible = 0;
		};
/* End XCConfigurationList section */
	};
	rootObject = 6824A10D1E1875C1009000AD /* Project object */;
}
